
Microsoft Visual Studio Solution File, Format Version 12.00
# Visual Studio 15
VisualStudioVersion = 15.0.28307.271
MinimumVisualStudioVersion = 10.0.40219.1
Project("{FAE04EC0-301F-11D3-BF4B-00C04F79EFBC}") = "MalteseNameGenerator", "MalteseNameGenerator\MalteseNameGenerator.csproj", "{B8D99013-DCA3-486B-9937-71071481E57D}"
EndProject
Project("{FAE04EC0-301F-11D3-BF4B-00C04F79EFBC}") = "NameGeneratorUI", "NameGeneratorUI\NameGeneratorUI.csproj", "{6F7B1606-C60C-47D6-A663-679CF619E041}"
EndProject
Global
	GlobalSection(SolutionConfigurationPlatforms) = preSolution
		Debug|Any CPU = Debug|Any CPU
		Release|Any CPU = Release|Any CPU
	EndGlobalSection
	GlobalSection(ProjectConfigurationPlatforms) = postSolution
		{B8D99013-DCA3-486B-9937-71071481E57D}.Debug|Any CPU.ActiveCfg = Debug|Any CPU
		{B8D99013-DCA3-486B-9937-71071481E57D}.Debug|Any CPU.Build.0 = Debug|Any CPU
		{B8D99013-DCA3-486B-9937-71071481E57D}.Release|Any CPU.ActiveCfg = Release|Any CPU
		{B8D99013-DCA3-486B-9937-71071481E57D}.Release|Any CPU.Build.0 = Release|Any CPU
		{6F7B1606-C60C-47D6-A663-679CF619E041}.Debug|Any CPU.ActiveCfg = Debug|Any CPU
		{6F7B1606-C60C-47D6-A663-679CF619E041}.Debug|Any CPU.Build.0 = Debug|Any CPU
		{6F7B1606-C60C-47D6-A663-679CF619E041}.Release|Any CPU.ActiveCfg = Release|Any CPU
		{6F7B1606-C60C-47D6-A663-679CF619E041}.Release|Any CPU.Build.0 = Release|Any CPU
	EndGlobalSection
	GlobalSection(SolutionProperties) = preSolution
		HideSolutionNode = FALSE
	EndGlobalSection
	GlobalSection(ExtensibilityGlobals) = postSolution
		SolutionGuid = {4E8C0DCA-F887-4AD8-8D07-755942027382}
	EndGlobalSection
EndGlobal
